
Microsoft Visual Studio Solution File, Format Version 12.00
# Visual Studio Version 17
VisualStudioVersion = 17.5.002.0
MinimumVisualStudioVersion = 10.0.40219.1
Project("{9A19103F-16F7-4668-BE54-9A1E7A4F7556}") = "calculator", "calculator.csproj", "{35769EBF-19AE-4FF8-A941-36513B8315DC}"
EndProject
Global
	GlobalSection(SolutionConfigurationPlatforms) = preSolution
		Debug|Any CPU = Debug|Any CPU
		Release|Any CPU = Release|Any CPU
	EndGlobalSection
	GlobalSection(ProjectConfigurationPlatforms) = postSolution
		{35769EBF-19AE-4FF8-A941-36513B8315DC}.Debug|Any CPU.ActiveCfg = Debug|Any CPU
		{35769EBF-19AE-4FF8-A941-36513B8315DC}.Debug|Any CPU.Build.0 = Debug|Any CPU
		{35769EBF-19AE-4FF8-A941-36513B8315DC}.Release|Any CPU.ActiveCfg = Release|Any CPU
		{35769EBF-19AE-4FF8-A941-36513B8315DC}.Release|Any CPU.Build.0 = Release|Any CPU
	EndGlobalSection
	GlobalSection(SolutionProperties) = preSolution
		HideSolutionNode = FALSE
	EndGlobalSection
	GlobalSection(ExtensibilityGlobals) = postSolution
		SolutionGuid = {EA511D2C-FAEA-4FC7-B244-F6040853B11D}
	EndGlobalSection
EndGlobal
